
Microsoft Visual Studio Solution File, Format Version 12.00
# Visual Studio Version 17
VisualStudioVersion = 17.0.31903.59
MinimumVisualStudioVersion = 10.0.40219.1
Project("{2150E333-8FDC-42A3-9474-1A3956D46DE8}") = "src", "src", "{827E0CD3-B72D-47B6-A68D-7590B98EB39B}"
EndProject
Project("{FAE04EC0-301F-11D3-BF4B-00C04F79EFBC}") = "CrossMilo.Contracts.Analytics", "src\CrossMilo.Contracts.Analytics\CrossMilo.Contracts.Analytics.csproj", "{DC2DFF10-E189-4DD4-B12D-0AABCF50A0FE}"
EndProject
Project("{FAE04EC0-301F-11D3-BF4B-00C04F79EFBC}") = "CrossMilo.Contracts.Audio", "src\CrossMilo.Contracts.Audio\CrossMilo.Contracts.Audio.csproj", "{4981BBF6-B034-4634-8021-AE03A0DE5D12}"
EndProject
Project("{FAE04EC0-301F-11D3-BF4B-00C04F79EFBC}") = "CrossMilo.Contracts.Config", "src\CrossMilo.Contracts.Config\CrossMilo.Contracts.Config.csproj", "{15128226-FABF-41E3-ADB6-F582E9C30C6B}"
EndProject
Project("{FAE04EC0-301F-11D3-BF4B-00C04F79EFBC}") = "CrossMilo.Contracts.Diagnostics", "src\CrossMilo.Contracts.Diagnostics\CrossMilo.Contracts.Diagnostics.csproj", "{58892746-345A-47BD-8701-2B0BA6BB8768}"
EndProject
Project("{FAE04EC0-301F-11D3-BF4B-00C04F79EFBC}") = "CrossMilo.Contracts.FigmaSharp", "src\CrossMilo.Contracts.FigmaSharp\CrossMilo.Contracts.FigmaSharp.csproj", "{FE5E9D83-35A6-44A8-B32D-21E083B10534}"
EndProject
Project("{FAE04EC0-301F-11D3-BF4B-00C04F79EFBC}") = "CrossMilo.Contracts.Hosting", "src\CrossMilo.Contracts.Hosting\CrossMilo.Contracts.Hosting.csproj", "{65C94078-62F7-4015-ADEF-213843108F18}"
EndProject
Project("{FAE04EC0-301F-11D3-BF4B-00C04F79EFBC}") = "CrossMilo.Contracts.Input", "src\CrossMilo.Contracts.Input\CrossMilo.Contracts.Input.csproj", "{9B72547D-6418-406F-87A7-6A1E216768E3}"
EndProject
Project("{FAE04EC0-301F-11D3-BF4B-00C04F79EFBC}") = "CrossMilo.Contracts.Recorder", "src\CrossMilo.Contracts.Recorder\CrossMilo.Contracts.Recorder.csproj", "{5439E2C1-676D-4414-84FF-BF22F5AA5511}"
EndProject
Project("{FAE04EC0-301F-11D3-BF4B-00C04F79EFBC}") = "CrossMilo.Contracts.Resilience", "src\CrossMilo.Contracts.Resilience\CrossMilo.Contracts.Resilience.csproj", "{85EF5A4A-A802-456D-9A86-F1D027FD7193}"
EndProject
Project("{FAE04EC0-301F-11D3-BF4B-00C04F79EFBC}") = "CrossMilo.Contracts.Resource", "src\CrossMilo.Contracts.Resource\CrossMilo.Contracts.Resource.csproj", "{96563369-5A51-4EAE-8A94-6A2EE8A23580}"
EndProject
Project("{FAE04EC0-301F-11D3-BF4B-00C04F79EFBC}") = "CrossMilo.Contracts.Scene", "src\CrossMilo.Contracts.Scene\CrossMilo.Contracts.Scene.csproj", "{30D2FCED-CB3E-4387-8C2C-540F6F87B7AB}"
EndProject
Project("{FAE04EC0-301F-11D3-BF4B-00C04F79EFBC}") = "CrossMilo.Contracts.Terminal", "src\CrossMilo.Contracts.Terminal\CrossMilo.Contracts.Terminal.csproj", "{888B7BD6-9D71-4202-AC1F-74099081B496}"
EndProject
Project("{FAE04EC0-301F-11D3-BF4B-00C04F79EFBC}") = "CrossMilo.Contracts.UI", "src\CrossMilo.Contracts.UI\CrossMilo.Contracts.UI.csproj", "{91840629-14B9-4982-A253-772EF891BE5E}"
EndProject
Project("{FAE04EC0-301F-11D3-BF4B-00C04F79EFBC}") = "CrossMilo.Contracts.WebSocket", "src\CrossMilo.Contracts.WebSocket\CrossMilo.Contracts.WebSocket.csproj", "{4AD5C259-8365-470F-94CD-E90F11312E4D}"
EndProject
Project("{FAE04EC0-301F-11D3-BF4B-00C04F79EFBC}") = "CrossMilo.SourceGenerators.Proxy", "src\CrossMilo.SourceGenerators.Proxy\CrossMilo.SourceGenerators.Proxy.csproj", "{9A0882DC-34F5-4F5E-A7BC-F49C768E622B}"
EndProject
Project("{2150E333-8FDC-42A3-9474-1A3956D46DE8}") = "tests", "tests", "{0AB3BF05-4346-4AA6-1389-037BE0695223}"
EndProject
Project("{FAE04EC0-301F-11D3-BF4B-00C04F79EFBC}") = "CrossMilo.SourceGenerators.Proxy.Tests", "tests\CrossMilo.SourceGenerators.Proxy.Tests\CrossMilo.SourceGenerators.Proxy.Tests.csproj", "{75040A2E-3D47-43D8-964E-3D6F11BEC9CB}"
EndProject
Global
	GlobalSection(SolutionConfigurationPlatforms) = preSolution
		Debug|Any CPU = Debug|Any CPU
		Debug|x64 = Debug|x64
		Debug|x86 = Debug|x86
		Release|Any CPU = Release|Any CPU
		Release|x64 = Release|x64
		Release|x86 = Release|x86
	EndGlobalSection
	GlobalSection(ProjectConfigurationPlatforms) = postSolution
		{DC2DFF10-E189-4DD4-B12D-0AABCF50A0FE}.Debug|Any CPU.ActiveCfg = Debug|Any CPU
		{DC2DFF10-E189-4DD4-B12D-0AABCF50A0FE}.Debug|Any CPU.Build.0 = Debug|Any CPU
		{DC2DFF10-E189-4DD4-B12D-0AABCF50A0FE}.Debug|x64.ActiveCfg = Debug|Any CPU
		{DC2DFF10-E189-4DD4-B12D-0AABCF50A0FE}.Debug|x64.Build.0 = Debug|Any CPU
		{DC2DFF10-E189-4DD4-B12D-0AABCF50A0FE}.Debug|x86.ActiveCfg = Debug|Any CPU
		{DC2DFF10-E189-4DD4-B12D-0AABCF50A0FE}.Debug|x86.Build.0 = Debug|Any CPU
		{DC2DFF10-E189-4DD4-B12D-0AABCF50A0FE}.Release|Any CPU.ActiveCfg = Release|Any CPU
		{DC2DFF10-E189-4DD4-B12D-0AABCF50A0FE}.Release|Any CPU.Build.0 = Release|Any CPU
		{DC2DFF10-E189-4DD4-B12D-0AABCF50A0FE}.Release|x64.ActiveCfg = Release|Any CPU
		{DC2DFF10-E189-4DD4-B12D-0AABCF50A0FE}.Release|x64.Build.0 = Release|Any CPU
		{DC2DFF10-E189-4DD4-B12D-0AABCF50A0FE}.Release|x86.ActiveCfg = Release|Any CPU
		{DC2DFF10-E189-4DD4-B12D-0AABCF50A0FE}.Release|x86.Build.0 = Release|Any CPU
		{4981BBF6-B034-4634-8021-AE03A0DE5D12}.Debug|Any CPU.ActiveCfg = Debug|Any CPU
		{4981BBF6-B034-4634-8021-AE03A0DE5D12}.Debug|Any CPU.Build.0 = Debug|Any CPU
		{4981BBF6-B034-4634-8021-AE03A0DE5D12}.Debug|x64.ActiveCfg = Debug|Any CPU
		{4981BBF6-B034-4634-8021-AE03A0DE5D12}.Debug|x64.Build.0 = Debug|Any CPU
		{4981BBF6-B034-4634-8021-AE03A0DE5D12}.Debug|x86.ActiveCfg = Debug|Any CPU
		{4981BBF6-B034-4634-8021-AE03A0DE5D12}.Debug|x86.Build.0 = Debug|Any CPU
		{4981BBF6-B034-4634-8021-AE03A0DE5D12}.Release|Any CPU.ActiveCfg = Release|Any CPU
		{4981BBF6-B034-4634-8021-AE03A0DE5D12}.Release|Any CPU.Build.0 = Release|Any CPU
		{4981BBF6-B034-4634-8021-AE03A0DE5D12}.Release|x64.ActiveCfg = Release|Any CPU
		{4981BBF6-B034-4634-8021-AE03A0DE5D12}.Release|x64.Build.0 = Release|Any CPU
		{4981BBF6-B034-4634-8021-AE03A0DE5D12}.Release|x86.ActiveCfg = Release|Any CPU
		{4981BBF6-B034-4634-8021-AE03A0DE5D12}.Release|x86.Build.0 = Release|Any CPU
		{15128226-FABF-41E3-ADB6-F582E9C30C6B}.Debug|Any CPU.ActiveCfg = Debug|Any CPU
		{15128226-FABF-41E3-ADB6-F582E9C30C6B}.Debug|Any CPU.Build.0 = Debug|Any CPU
		{15128226-FABF-41E3-ADB6-F582E9C30C6B}.Debug|x64.ActiveCfg = Debug|Any CPU
		{15128226-FABF-41E3-ADB6-F582E9C30C6B}.Debug|x64.Build.0 = Debug|Any CPU
		{15128226-FABF-41E3-ADB6-F582E9C30C6B}.Debug|x86.ActiveCfg = Debug|Any CPU
		{15128226-FABF-41E3-ADB6-F582E9C30C6B}.Debug|x86.Build.0 = Debug|Any CPU
		{15128226-FABF-41E3-ADB6-F582E9C30C6B}.Release|Any CPU.ActiveCfg = Release|Any CPU
		{15128226-FABF-41E3-ADB6-F582E9C30C6B}.Release|Any CPU.Build.0 = Release|Any CPU
		{15128226-FABF-41E3-ADB6-F582E9C30C6B}.Release|x64.ActiveCfg = Release|Any CPU
		{15128226-FABF-41E3-ADB6-F582E9C30C6B}.Release|x64.Build.0 = Release|Any CPU
		{15128226-FABF-41E3-ADB6-F582E9C30C6B}.Release|x86.ActiveCfg = Release|Any CPU
		{15128226-FABF-41E3-ADB6-F582E9C30C6B}.Release|x86.Build.0 = Release|Any CPU
		{58892746-345A-47BD-8701-2B0BA6BB8768}.Debug|Any CPU.ActiveCfg = Debug|Any CPU
		{58892746-345A-47BD-8701-2B0BA6BB8768}.Debug|Any CPU.Build.0 = Debug|Any CPU
		{58892746-345A-47BD-8701-2B0BA6BB8768}.Debug|x64.ActiveCfg = Debug|Any CPU
		{58892746-345A-47BD-8701-2B0BA6BB8768}.Debug|x64.Build.0 = Debug|Any CPU
		{58892746-345A-47BD-8701-2B0BA6BB8768}.Debug|x86.ActiveCfg = Debug|Any CPU
		{58892746-345A-47BD-8701-2B0BA6BB8768}.Debug|x86.Build.0 = Debug|Any CPU
		{58892746-345A-47BD-8701-2B0BA6BB8768}.Release|Any CPU.ActiveCfg = Release|Any CPU
		{58892746-345A-47BD-8701-2B0BA6BB8768}.Release|Any CPU.Build.0 = Release|Any CPU
		{58892746-345A-47BD-8701-2B0BA6BB8768}.Release|x64.ActiveCfg = Release|Any CPU
		{58892746-345A-47BD-8701-2B0BA6BB8768}.Release|x64.Build.0 = Release|Any CPU
		{58892746-345A-47BD-8701-2B0BA6BB8768}.Release|x86.ActiveCfg = Release|Any CPU
		{58892746-345A-47BD-8701-2B0BA6BB8768}.Release|x86.Build.0 = Release|Any CPU
		{FE5E9D83-35A6-44A8-B32D-21E083B10534}.Debug|Any CPU.ActiveCfg = Debug|Any CPU
		{FE5E9D83-35A6-44A8-B32D-21E083B10534}.Debug|Any CPU.Build.0 = Debug|Any CPU
		{FE5E9D83-35A6-44A8-B32D-21E083B10534}.Debug|x64.ActiveCfg = Debug|Any CPU
		{FE5E9D83-35A6-44A8-B32D-21E083B10534}.Debug|x64.Build.0 = Debug|Any CPU
		{FE5E9D83-35A6-44A8-B32D-21E083B10534}.Debug|x86.ActiveCfg = Debug|Any CPU
		{FE5E9D83-35A6-44A8-B32D-21E083B10534}.Debug|x86.Build.0 = Debug|Any CPU
		{FE5E9D83-35A6-44A8-B32D-21E083B10534}.Release|Any CPU.ActiveCfg = Release|Any CPU
		{FE5E9D83-35A6-44A8-B32D-21E083B10534}.Release|Any CPU.Build.0 = Release|Any CPU
		{FE5E9D83-35A6-44A8-B32D-21E083B10534}.Release|x64.ActiveCfg = Release|Any CPU
		{FE5E9D83-35A6-44A8-B32D-21E083B10534}.Release|x64.Build.0 = Release|Any CPU
		{FE5E9D83-35A6-44A8-B32D-21E083B10534}.Release|x86.ActiveCfg = Release|Any CPU
		{FE5E9D83-35A6-44A8-B32D-21E083B10534}.Release|x86.Build.0 = Release|Any CPU
		{65C94078-62F7-4015-ADEF-213843108F18}.Debug|Any CPU.ActiveCfg = Debug|Any CPU
		{65C94078-62F7-4015-ADEF-213843108F18}.Debug|Any CPU.Build.0 = Debug|Any CPU
		{65C94078-62F7-4015-ADEF-213843108F18}.Debug|x64.ActiveCfg = Debug|Any CPU
		{65C94078-62F7-4015-ADEF-213843108F18}.Debug|x64.Build.0 = Debug|Any CPU
		{65C94078-62F7-4015-ADEF-213843108F18}.Debug|x86.ActiveCfg = Debug|Any CPU
		{65C94078-62F7-4015-ADEF-213843108F18}.Debug|x86.Build.0 = Debug|Any CPU
		{65C94078-62F7-4015-ADEF-213843108F18}.Release|Any CPU.ActiveCfg = Release|Any CPU
		{65C94078-62F7-4015-ADEF-213843108F18}.Release|Any CPU.Build.0 = Release|Any CPU
		{65C94078-62F7-4015-ADEF-213843108F18}.Release|x64.ActiveCfg = Release|Any CPU
		{65C94078-62F7-4015-ADEF-213843108F18}.Release|x64.Build.0 = Release|Any CPU
		{65C94078-62F7-4015-ADEF-213843108F18}.Release|x86.ActiveCfg = Release|Any CPU
		{65C94078-62F7-4015-ADEF-213843108F18}.Release|x86.Build.0 = Release|Any CPU
		{9B72547D-6418-406F-87A7-6A1E216768E3}.Debug|Any CPU.ActiveCfg = Debug|Any CPU
		{9B72547D-6418-406F-87A7-6A1E216768E3}.Debug|Any CPU.Build.0 = Debug|Any CPU
		{9B72547D-6418-406F-87A7-6A1E216768E3}.Debug|x64.ActiveCfg = Debug|Any CPU
		{9B72547D-6418-406F-87A7-6A1E216768E3}.Debug|x64.Build.0 = Debug|Any CPU
		{9B72547D-6418-406F-87A7-6A1E216768E3}.Debug|x86.ActiveCfg = Debug|Any CPU
		{9B72547D-6418-406F-87A7-6A1E216768E3}.Debug|x86.Build.0 = Debug|Any CPU
		{9B72547D-6418-406F-87A7-6A1E216768E3}.Release|Any CPU.ActiveCfg = Release|Any CPU
		{9B72547D-6418-406F-87A7-6A1E216768E3}.Release|Any CPU.Build.0 = Release|Any CPU
		{9B72547D-6418-406F-87A7-6A1E216768E3}.Release|x64.ActiveCfg = Release|Any CPU
		{9B72547D-6418-406F-87A7-6A1E216768E3}.Release|x64.Build.0 = Release|Any CPU
		{9B72547D-6418-406F-87A7-6A1E216768E3}.Release|x86.ActiveCfg = Release|Any CPU
		{9B72547D-6418-406F-87A7-6A1E216768E3}.Release|x86.Build.0 = Release|Any CPU
		{5439E2C1-676D-4414-84FF-BF22F5AA5511}.Debug|Any CPU.ActiveCfg = Debug|Any CPU
		{5439E2C1-676D-4414-84FF-BF22F5AA5511}.Debug|Any CPU.Build.0 = Debug|Any CPU
		{5439E2C1-676D-4414-84FF-BF22F5AA5511}.Debug|x64.ActiveCfg = Debug|Any CPU
		{5439E2C1-676D-4414-84FF-BF22F5AA5511}.Debug|x64.Build.0 = Debug|Any CPU
		{5439E2C1-676D-4414-84FF-BF22F5AA5511}.Debug|x86.ActiveCfg = Debug|Any CPU
		{5439E2C1-676D-4414-84FF-BF22F5AA5511}.Debug|x86.Build.0 = Debug|Any CPU
		{5439E2C1-676D-4414-84FF-BF22F5AA5511}.Release|Any CPU.ActiveCfg = Release|Any CPU
		{5439E2C1-676D-4414-84FF-BF22F5AA5511}.Release|Any CPU.Build.0 = Release|Any CPU
		{5439E2C1-676D-4414-84FF-BF22F5AA5511}.Release|x64.ActiveCfg = Release|Any CPU
		{5439E2C1-676D-4414-84FF-BF22F5AA5511}.Release|x64.Build.0 = Release|Any CPU
		{5439E2C1-676D-4414-84FF-BF22F5AA5511}.Release|x86.ActiveCfg = Release|Any CPU
		{5439E2C1-676D-4414-84FF-BF22F5AA5511}.Release|x86.Build.0 = Release|Any CPU
		{85EF5A4A-A802-456D-9A86-F1D027FD7193}.Debug|Any CPU.ActiveCfg = Debug|Any CPU
		{85EF5A4A-A802-456D-9A86-F1D027FD7193}.Debug|Any CPU.Build.0 = Debug|Any CPU
		{85EF5A4A-A802-456D-9A86-F1D027FD7193}.Debug|x64.ActiveCfg = Debug|Any CPU
		{85EF5A4A-A802-456D-9A86-F1D027FD7193}.Debug|x64.Build.0 = Debug|Any CPU
		{85EF5A4A-A802-456D-9A86-F1D027FD7193}.Debug|x86.ActiveCfg = Debug|Any CPU
		{85EF5A4A-A802-456D-9A86-F1D027FD7193}.Debug|x86.Build.0 = Debug|Any CPU
		{85EF5A4A-A802-456D-9A86-F1D027FD7193}.Release|Any CPU.ActiveCfg = Release|Any CPU
		{85EF5A4A-A802-456D-9A86-F1D027FD7193}.Release|Any CPU.Build.0 = Release|Any CPU
		{85EF5A4A-A802-456D-9A86-F1D027FD7193}.Release|x64.ActiveCfg = Release|Any CPU
		{85EF5A4A-A802-456D-9A86-F1D027FD7193}.Release|x64.Build.0 = Release|Any CPU
		{85EF5A4A-A802-456D-9A86-F1D027FD7193}.Release|x86.ActiveCfg = Release|Any CPU
		{85EF5A4A-A802-456D-9A86-F1D027FD7193}.Release|x86.Build.0 = Release|Any CPU
		{96563369-5A51-4EAE-8A94-6A2EE8A23580}.Debug|Any CPU.ActiveCfg = Debug|Any CPU
		{96563369-5A51-4EAE-8A94-6A2EE8A23580}.Debug|Any CPU.Build.0 = Debug|Any CPU
		{96563369-5A51-4EAE-8A94-6A2EE8A23580}.Debug|x64.ActiveCfg = Debug|Any CPU
		{96563369-5A51-4EAE-8A94-6A2EE8A23580}.Debug|x64.Build.0 = Debug|Any CPU
		{96563369-5A51-4EAE-8A94-6A2EE8A23580}.Debug|x86.ActiveCfg = Debug|Any CPU
		{96563369-5A51-4EAE-8A94-6A2EE8A23580}.Debug|x86.Build.0 = Debug|Any CPU
		{96563369-5A51-4EAE-8A94-6A2EE8A23580}.Release|Any CPU.ActiveCfg = Release|Any CPU
		{96563369-5A51-4EAE-8A94-6A2EE8A23580}.Release|Any CPU.Build.0 = Release|Any CPU
		{96563369-5A51-4EAE-8A94-6A2EE8A23580}.Release|x64.ActiveCfg = Release|Any CPU
		{96563369-5A51-4EAE-8A94-6A2EE8A23580}.Release|x64.Build.0 = Release|Any CPU
		{96563369-5A51-4EAE-8A94-6A2EE8A23580}.Release|x86.ActiveCfg = Release|Any CPU
		{96563369-5A51-4EAE-8A94-6A2EE8A23580}.Release|x86.Build.0 = Release|Any CPU
		{30D2FCED-CB3E-4387-8C2C-540F6F87B7AB}.Debug|Any CPU.ActiveCfg = Debug|Any CPU
		{30D2FCED-CB3E-4387-8C2C-540F6F87B7AB}.Debug|Any CPU.Build.0 = Debug|Any CPU
		{30D2FCED-CB3E-4387-8C2C-540F6F87B7AB}.Debug|x64.ActiveCfg = Debug|Any CPU
		{30D2FCED-CB3E-4387-8C2C-540F6F87B7AB}.Debug|x64.Build.0 = Debug|Any CPU
		{30D2FCED-CB3E-4387-8C2C-540F6F87B7AB}.Debug|x86.ActiveCfg = Debug|Any CPU
		{30D2FCED-CB3E-4387-8C2C-540F6F87B7AB}.Debug|x86.Build.0 = Debug|Any CPU
		{30D2FCED-CB3E-4387-8C2C-540F6F87B7AB}.Release|Any CPU.ActiveCfg = Release|Any CPU
		{30D2FCED-CB3E-4387-8C2C-540F6F87B7AB}.Release|Any CPU.Build.0 = Release|Any CPU
		{30D2FCED-CB3E-4387-8C2C-540F6F87B7AB}.Release|x64.ActiveCfg = Release|Any CPU
		{30D2FCED-CB3E-4387-8C2C-540F6F87B7AB}.Release|x64.Build.0 = Release|Any CPU
		{30D2FCED-CB3E-4387-8C2C-540F6F87B7AB}.Release|x86.ActiveCfg = Release|Any CPU
		{30D2FCED-CB3E-4387-8C2C-540F6F87B7AB}.Release|x86.Build.0 = Release|Any CPU
		{888B7BD6-9D71-4202-AC1F-74099081B496}.Debug|Any CPU.ActiveCfg = Debug|Any CPU
		{888B7BD6-9D71-4202-AC1F-74099081B496}.Debug|Any CPU.Build.0 = Debug|Any CPU
		{888B7BD6-9D71-4202-AC1F-74099081B496}.Debug|x64.ActiveCfg = Debug|Any CPU
		{888B7BD6-9D71-4202-AC1F-74099081B496}.Debug|x64.Build.0 = Debug|Any CPU
		{888B7BD6-9D71-4202-AC1F-74099081B496}.Debug|x86.ActiveCfg = Debug|Any CPU
		{888B7BD6-9D71-4202-AC1F-74099081B496}.Debug|x86.Build.0 = Debug|Any CPU
		{888B7BD6-9D71-4202-AC1F-74099081B496}.Release|Any CPU.ActiveCfg = Release|Any CPU
		{888B7BD6-9D71-4202-AC1F-74099081B496}.Release|Any CPU.Build.0 = Release|Any CPU
		{888B7BD6-9D71-4202-AC1F-74099081B496}.Release|x64.ActiveCfg = Release|Any CPU
		{888B7BD6-9D71-4202-AC1F-74099081B496}.Release|x64.Build.0 = Release|Any CPU
		{888B7BD6-9D71-4202-AC1F-74099081B496}.Release|x86.ActiveCfg = Release|Any CPU
		{888B7BD6-9D71-4202-AC1F-74099081B496}.Release|x86.Build.0 = Release|Any CPU
		{91840629-14B9-4982-A253-772EF891BE5E}.Debug|Any CPU.ActiveCfg = Debug|Any CPU
		{91840629-14B9-4982-A253-772EF891BE5E}.Debug|Any CPU.Build.0 = Debug|Any CPU
		{91840629-14B9-4982-A253-772EF891BE5E}.Debug|x64.ActiveCfg = Debug|Any CPU
		{91840629-14B9-4982-A253-772EF891BE5E}.Debug|x64.Build.0 = Debug|Any CPU
		{91840629-14B9-4982-A253-772EF891BE5E}.Debug|x86.ActiveCfg = Debug|Any CPU
		{91840629-14B9-4982-A253-772EF891BE5E}.Debug|x86.Build.0 = Debug|Any CPU
		{91840629-14B9-4982-A253-772EF891BE5E}.Release|Any CPU.ActiveCfg = Release|Any CPU
		{91840629-14B9-4982-A253-772EF891BE5E}.Release|Any CPU.Build.0 = Release|Any CPU
		{91840629-14B9-4982-A253-772EF891BE5E}.Release|x64.ActiveCfg = Release|Any CPU
		{91840629-14B9-4982-A253-772EF891BE5E}.Release|x64.Build.0 = Release|Any CPU
		{91840629-14B9-4982-A253-772EF891BE5E}.Release|x86.ActiveCfg = Release|Any CPU
		{91840629-14B9-4982-A253-772EF891BE5E}.Release|x86.Build.0 = Release|Any CPU
		{4AD5C259-8365-470F-94CD-E90F11312E4D}.Debug|Any CPU.ActiveCfg = Debug|Any CPU
		{4AD5C259-8365-470F-94CD-E90F11312E4D}.Debug|Any CPU.Build.0 = Debug|Any CPU
		{4AD5C259-8365-470F-94CD-E90F11312E4D}.Debug|x64.ActiveCfg = Debug|Any CPU
		{4AD5C259-8365-470F-94CD-E90F11312E4D}.Debug|x64.Build.0 = Debug|Any CPU
		{4AD5C259-8365-470F-94CD-E90F11312E4D}.Debug|x86.ActiveCfg = Debug|Any CPU
		{4AD5C259-8365-470F-94CD-E90F11312E4D}.Debug|x86.Build.0 = Debug|Any CPU
		{4AD5C259-8365-470F-94CD-E90F11312E4D}.Release|Any CPU.ActiveCfg = Release|Any CPU
		{4AD5C259-8365-470F-94CD-E90F11312E4D}.Release|Any CPU.Build.0 = Release|Any CPU
		{4AD5C259-8365-470F-94CD-E90F11312E4D}.Release|x64.ActiveCfg = Release|Any CPU
		{4AD5C259-8365-470F-94CD-E90F11312E4D}.Release|x64.Build.0 = Release|Any CPU
		{4AD5C259-8365-470F-94CD-E90F11312E4D}.Release|x86.ActiveCfg = Release|Any CPU
		{4AD5C259-8365-470F-94CD-E90F11312E4D}.Release|x86.Build.0 = Release|Any CPU
		{9A0882DC-34F5-4F5E-A7BC-F49C768E622B}.Debug|Any CPU.ActiveCfg = Debug|Any CPU
		{9A0882DC-34F5-4F5E-A7BC-F49C768E622B}.Debug|Any CPU.Build.0 = Debug|Any CPU
		{9A0882DC-34F5-4F5E-A7BC-F49C768E622B}.Debug|x64.ActiveCfg = Debug|Any CPU
		{9A0882DC-34F5-4F5E-A7BC-F49C768E622B}.Debug|x64.Build.0 = Debug|Any CPU
		{9A0882DC-34F5-4F5E-A7BC-F49C768E622B}.Debug|x86.ActiveCfg = Debug|Any CPU
		{9A0882DC-34F5-4F5E-A7BC-F49C768E622B}.Debug|x86.Build.0 = Debug|Any CPU
		{9A0882DC-34F5-4F5E-A7BC-F49C768E622B}.Release|Any CPU.ActiveCfg = Release|Any CPU
		{9A0882DC-34F5-4F5E-A7BC-F49C768E622B}.Release|Any CPU.Build.0 = Release|Any CPU
		{9A0882DC-34F5-4F5E-A7BC-F49C768E622B}.Release|x64.ActiveCfg = Release|Any CPU
		{9A0882DC-34F5-4F5E-A7BC-F49C768E622B}.Release|x64.Build.0 = Release|Any CPU
		{9A0882DC-34F5-4F5E-A7BC-F49C768E622B}.Release|x86.ActiveCfg = Release|Any CPU
		{9A0882DC-34F5-4F5E-A7BC-F49C768E622B}.Release|x86.Build.0 = Release|Any CPU
		{75040A2E-3D47-43D8-964E-3D6F11BEC9CB}.Debug|Any CPU.ActiveCfg = Debug|Any CPU
		{75040A2E-3D47-43D8-964E-3D6F11BEC9CB}.Debug|Any CPU.Build.0 = Debug|Any CPU
		{75040A2E-3D47-43D8-964E-3D6F11BEC9CB}.Debug|x64.ActiveCfg = Debug|Any CPU
		{75040A2E-3D47-43D8-964E-3D6F11BEC9CB}.Debug|x64.Build.0 = Debug|Any CPU
		{75040A2E-3D47-43D8-964E-3D6F11BEC9CB}.Debug|x86.ActiveCfg = Debug|Any CPU
		{75040A2E-3D47-43D8-964E-3D6F11BEC9CB}.Debug|x86.Build.0 = Debug|Any CPU
		{75040A2E-3D47-43D8-964E-3D6F11BEC9CB}.Release|Any CPU.ActiveCfg = Release|Any CPU
		{75040A2E-3D47-43D8-964E-3D6F11BEC9CB}.Release|Any CPU.Build.0 = Release|Any CPU
		{75040A2E-3D47-43D8-964E-3D6F11BEC9CB}.Release|x64.ActiveCfg = Release|Any CPU
		{75040A2E-3D47-43D8-964E-3D6F11BEC9CB}.Release|x64.Build.0 = Release|Any CPU
		{75040A2E-3D47-43D8-964E-3D6F11BEC9CB}.Release|x86.ActiveCfg = Release|Any CPU
		{75040A2E-3D47-43D8-964E-3D6F11BEC9CB}.Release|x86.Build.0 = Release|Any CPU
	EndGlobalSection
	GlobalSection(SolutionProperties) = preSolution
		HideSolutionNode = FALSE
	EndGlobalSection
	GlobalSection(NestedProjects) = preSolution
		{DC2DFF10-E189-4DD4-B12D-0AABCF50A0FE} = {827E0CD3-B72D-47B6-A68D-7590B98EB39B}
		{4981BBF6-B034-4634-8021-AE03A0DE5D12} = {827E0CD3-B72D-47B6-A68D-7590B98EB39B}
		{15128226-FABF-41E3-ADB6-F582E9C30C6B} = {827E0CD3-B72D-47B6-A68D-7590B98EB39B}
		{58892746-345A-47BD-8701-2B0BA6BB8768} = {827E0CD3-B72D-47B6-A68D-7590B98EB39B}
		{FE5E9D83-35A6-44A8-B32D-21E083B10534} = {827E0CD3-B72D-47B6-A68D-7590B98EB39B}
		{65C94078-62F7-4015-ADEF-213843108F18} = {827E0CD3-B72D-47B6-A68D-7590B98EB39B}
		{9B72547D-6418-406F-87A7-6A1E216768E3} = {827E0CD3-B72D-47B6-A68D-7590B98EB39B}
		{5439E2C1-676D-4414-84FF-BF22F5AA5511} = {827E0CD3-B72D-47B6-A68D-7590B98EB39B}
		{85EF5A4A-A802-456D-9A86-F1D027FD7193} = {827E0CD3-B72D-47B6-A68D-7590B98EB39B}
		{96563369-5A51-4EAE-8A94-6A2EE8A23580} = {827E0CD3-B72D-47B6-A68D-7590B98EB39B}
		{30D2FCED-CB3E-4387-8C2C-540F6F87B7AB} = {827E0CD3-B72D-47B6-A68D-7590B98EB39B}
		{888B7BD6-9D71-4202-AC1F-74099081B496} = {827E0CD3-B72D-47B6-A68D-7590B98EB39B}
		{91840629-14B9-4982-A253-772EF891BE5E} = {827E0CD3-B72D-47B6-A68D-7590B98EB39B}
		{4AD5C259-8365-470F-94CD-E90F11312E4D} = {827E0CD3-B72D-47B6-A68D-7590B98EB39B}
		{9A0882DC-34F5-4F5E-A7BC-F49C768E622B} = {827E0CD3-B72D-47B6-A68D-7590B98EB39B}
		{75040A2E-3D47-43D8-964E-3D6F11BEC9CB} = {0AB3BF05-4346-4AA6-1389-037BE0695223}
	EndGlobalSection
EndGlobal
